
Microsoft Visual Studio Solution File, Format Version 12.00
# Visual Studio Version 17
VisualStudioVersion = 17.3.32929.385
MinimumVisualStudioVersion = 10.0.40219.1
Project("{FAE04EC0-301F-11D3-BF4B-00C04F79EFBC}") = "Scholarship-back", "Scholarship-back\Scholarship-back.csproj", "{A679EED0-EADD-4289-96B7-249CDFC33229}"
EndProject
Global
	GlobalSection(SolutionConfigurationPlatforms) = preSolution
		Debug|Any CPU = Debug|Any CPU
		Release|Any CPU = Release|Any CPU
	EndGlobalSection
	GlobalSection(ProjectConfigurationPlatforms) = postSolution
		{A679EED0-EADD-4289-96B7-249CDFC33229}.Debug|Any CPU.ActiveCfg = Debug|Any CPU
		{A679EED0-EADD-4289-96B7-249CDFC33229}.Debug|Any CPU.Build.0 = Debug|Any CPU
		{A679EED0-EADD-4289-96B7-249CDFC33229}.Release|Any CPU.ActiveCfg = Release|Any CPU
		{A679EED0-EADD-4289-96B7-249CDFC33229}.Release|Any CPU.Build.0 = Release|Any CPU
	EndGlobalSection
	GlobalSection(SolutionProperties) = preSolution
		HideSolutionNode = FALSE
	EndGlobalSection
	GlobalSection(ExtensibilityGlobals) = postSolution
		SolutionGuid = {13AED4DA-1EA7-46D0-8CF1-59D749BC6020}
	EndGlobalSection
EndGlobal
